
Microsoft Visual Studio Solution File, Format Version 12.00
# Visual Studio 15
VisualStudioVersion = 15.0.27428.1
MinimumVisualStudioVersion = 10.0.40219.1
Project("{888888A0-9F3D-457C-B088-3A5042F75D52}") = "FacebookBot", "FacebookBot\FacebookBot.pyproj", "{C47A3218-80DB-47D3-A434-BD3621C5E893}"
EndProject
Global
	GlobalSection(SolutionConfigurationPlatforms) = preSolution
		Debug|Any CPU = Debug|Any CPU
		Release|Any CPU = Release|Any CPU
	EndGlobalSection
	GlobalSection(ProjectConfigurationPlatforms) = postSolution
		{C47A3218-80DB-47D3-A434-BD3621C5E893}.Debug|Any CPU.ActiveCfg = Debug|Any CPU
		{C47A3218-80DB-47D3-A434-BD3621C5E893}.Release|Any CPU.ActiveCfg = Release|Any CPU
	EndGlobalSection
	GlobalSection(SolutionProperties) = preSolution
		HideSolutionNode = FALSE
	EndGlobalSection
	GlobalSection(ExtensibilityGlobals) = postSolution
		SolutionGuid = {60783CAA-892F-4AF0-AC4D-A00F95519F10}
	EndGlobalSection
EndGlobal
